
Microsoft Visual Studio Solution File, Format Version 12.00
# Visual Studio 15
VisualStudioVersion = 15.0.28307.705
MinimumVisualStudioVersion = 10.0.40219.1
Project("{9A19103F-16F7-4668-BE54-9A1E7A4F7556}") = "csharpcore", "csharpcore\csharpcore.csproj", "{6C6F8088-FEDF-4963-BE9D-F85101060510}"
EndProject
Global
	GlobalSection(SolutionConfigurationPlatforms) = preSolution
		Debug|Any CPU = Debug|Any CPU
		Release|Any CPU = Release|Any CPU
	EndGlobalSection
	GlobalSection(ProjectConfigurationPlatforms) = postSolution
		{6C6F8088-FEDF-4963-BE9D-F85101060510}.Debug|Any CPU.ActiveCfg = Debug|Any CPU
		{6C6F8088-FEDF-4963-BE9D-F85101060510}.Debug|Any CPU.Build.0 = Debug|Any CPU
		{6C6F8088-FEDF-4963-BE9D-F85101060510}.Release|Any CPU.ActiveCfg = Release|Any CPU
		{6C6F8088-FEDF-4963-BE9D-F85101060510}.Release|Any CPU.Build.0 = Release|Any CPU
	EndGlobalSection
	GlobalSection(SolutionProperties) = preSolution
		HideSolutionNode = FALSE
	EndGlobalSection
	GlobalSection(ExtensibilityGlobals) = postSolution
		SolutionGuid = {F7CB26AC-9F85-40CF-BA72-F22F8F3F3BF7}
	EndGlobalSection
EndGlobal
